
Microsoft Visual Studio Solution File, Format Version 12.00
# Visual Studio Version 17
VisualStudioVersion = 17.14.36623.8 d17.14
MinimumVisualStudioVersion = 10.0.40219.1
Project("{FAE04EC0-301F-11D3-BF4B-00C04F79EFBC}") = "CommandsService", "CommandsService.csproj", "{304B0AB5-CA03-434F-A862-D69A958C3E9D}"
EndProject
Global
	GlobalSection(SolutionConfigurationPlatforms) = preSolution
		Debug|Any CPU = Debug|Any CPU
		Release|Any CPU = Release|Any CPU
	EndGlobalSection
	GlobalSection(ProjectConfigurationPlatforms) = postSolution
		{304B0AB5-CA03-434F-A862-D69A958C3E9D}.Debug|Any CPU.ActiveCfg = Debug|Any CPU
		{304B0AB5-CA03-434F-A862-D69A958C3E9D}.Debug|Any CPU.Build.0 = Debug|Any CPU
		{304B0AB5-CA03-434F-A862-D69A958C3E9D}.Release|Any CPU.ActiveCfg = Release|Any CPU
		{304B0AB5-CA03-434F-A862-D69A958C3E9D}.Release|Any CPU.Build.0 = Release|Any CPU
	EndGlobalSection
	GlobalSection(SolutionProperties) = preSolution
		HideSolutionNode = FALSE
	EndGlobalSection
	GlobalSection(ExtensibilityGlobals) = postSolution
		SolutionGuid = {8A6E4545-194D-41CE-9111-E127641D6421}
	EndGlobalSection
EndGlobal
